<?xml version="1.0" encoding="utf-8"?>
<Project ToolsVersion="4.0" xmlns="http://schemas.microsoft.com/developer/msbuild/2003">
  <ItemGroup>
    <ClCompile Include="..\act_comm.c" />
    <ClCompile Include="..\act_info.c" />
    <ClCompile Include="..\act_move.c" />
    <ClCompile Include="..\act_obj.c" />
    <ClCompile Include="..\act_wiz.c" />
    <ClCompile Include="..\auction.c" />
    <ClCompile Include="..\ban.c" />
    <ClCompile Include="..\bank.c" />
    <ClCompile Include="..\bit.c" />
    <ClCompile Include="..\board.c" />
    <ClCompile Include="..\clan.c" />
    <ClCompile Include="..\class.c" />
    <ClCompile Include="..\comm.c" />
    <ClCompile Include="..\const.c" />
    <ClCompile Include="..\db.c" />
    <ClCompile Include="..\drunk2.c" />
    <ClCompile Include="..\factions.c" />
    <ClCompile Include="..\fight.c" />
    <ClCompile Include="..\handler.c" />
    <ClCompile Include="..\helpolc.c" />
    <ClCompile Include="..\interp.c" />
    <ClCompile Include="..\magic.c" />
    <ClCompile Include="..\marry.c" />
    <ClCompile Include="..\mem.c" />
    <ClCompile Include="..\mprog_commands.c" />
    <ClCompile Include="..\mprog_procs.c" />
    <ClCompile Include="..\mud_progs.c" />
    <ClCompile Include="..\newbits.c" />
    <ClCompile Include="..\olc.c" />
    <ClCompile Include="..\olc_act.c" />
    <ClCompile Include="..\olc_save.c" />
    <ClCompile Include="..\pty.c" />
    <ClCompile Include="..\random.c" />
    <ClCompile Include="..\recycle.c" />
    <ClCompile Include="..\remort.c" />
    <ClCompile Include="..\route_io.c" />
    <ClCompile Include="..\save.c" />
    <ClCompile Include="..\skills.c" />
    <ClCompile Include="..\socialolc.c" />
    <ClCompile Include="..\ssm.c" />
    <ClCompile Include="..\string.c" />
    <ClCompile Include="..\todoolc.c" />
    <ClCompile Include="..\update.c" />
  </ItemGroup>
  <ItemGroup>
    <ClInclude Include="..\board.h" />
    <ClInclude Include="..\config.h" />
    <ClInclude Include="..\db.h" />
    <ClInclude Include="..\factions.h" />
    <ClInclude Include="..\interp.h" />
    <ClInclude Include="..\magic.h" />
    <ClInclude Include="..\merc.h" />
    <ClInclude Include="..\mud_progs.h" />
    <ClInclude Include="..\newbits.h" />
    <ClInclude Include="..\olc.h" />
    <ClInclude Include="..\recycle.h" />
  </ItemGroup>
  <ItemGroup>
    <None Include="..\ember.cfg" />
    <None Include="..\formatcode" />
    <None Include="..\Makefile" />
    <None Include="..\startup" />
    <None Include="..\stripcr" />
  </ItemGroup>
</Project>